
Microsoft Visual Studio Solution File, Format Version 12.00
# Visual Studio 14
VisualStudioVersion = 14.0.25420.1
MinimumVisualStudioVersion = 10.0.40219.1
Project("{FAE04EC0-301F-11D3-BF4B-00C04F79EFBC}") = "Tester", "Tester\Tester.csproj", "{5F185FB7-678C-42EC-8445-9AD2E33ECD47}"
EndProject
Project("{FAE04EC0-301F-11D3-BF4B-00C04F79EFBC}") = "PF.Connectors", "SMBConnector\PF.Connectors.csproj", "{0EAC6972-9BC6-4657-8C4F-1EF42842DA4A}"
EndProject
Project("{FAE04EC0-301F-11D3-BF4B-00C04F79EFBC}") = "PF.Model", "Model\PF.Model.csproj", "{CE46815E-BC62-428A-BA73-D1029C5737B7}"
EndProject
Project("{FAE04EC0-301F-11D3-BF4B-00C04F79EFBC}") = "PF.Dal", "PF.Dal\PF.Dal.csproj", "{FF4333E0-A439-4EA6-9DB1-01CEF1979586}"
EndProject
Project("{FAE04EC0-301F-11D3-BF4B-00C04F79EFBC}") = "PF.Utils", "PF.Utils\PF.Utils.csproj", "{C627ED60-7AA9-4A3B-B5AC-48B2C77FCE9F}"
EndProject
Project("{FAE04EC0-301F-11D3-BF4B-00C04F79EFBC}") = "ResourceInterogator", "..\..\mockup\Windows\ResourceInterogator\ResourceInterogator.csproj", "{D59B2DD6-F298-497E-BE96-BE7F0789FB24}"
EndProject
Project("{FAE04EC0-301F-11D3-BF4B-00C04F79EFBC}") = "PF.Infrastructure", "PF.Infrastructure\PF.Infrastructure.csproj", "{A1FA3162-DDED-46BA-9BE4-659E0C87A0A7}"
EndProject
Global
	GlobalSection(SolutionConfigurationPlatforms) = preSolution
		Debug|Any CPU = Debug|Any CPU
		Release|Any CPU = Release|Any CPU
	EndGlobalSection
	GlobalSection(ProjectConfigurationPlatforms) = postSolution
		{5F185FB7-678C-42EC-8445-9AD2E33ECD47}.Debug|Any CPU.ActiveCfg = Debug|Any CPU
		{5F185FB7-678C-42EC-8445-9AD2E33ECD47}.Debug|Any CPU.Build.0 = Debug|Any CPU
		{5F185FB7-678C-42EC-8445-9AD2E33ECD47}.Release|Any CPU.ActiveCfg = Release|Any CPU
		{5F185FB7-678C-42EC-8445-9AD2E33ECD47}.Release|Any CPU.Build.0 = Release|Any CPU
		{0EAC6972-9BC6-4657-8C4F-1EF42842DA4A}.Debug|Any CPU.ActiveCfg = Debug|Any CPU
		{0EAC6972-9BC6-4657-8C4F-1EF42842DA4A}.Debug|Any CPU.Build.0 = Debug|Any CPU
		{0EAC6972-9BC6-4657-8C4F-1EF42842DA4A}.Release|Any CPU.ActiveCfg = Release|Any CPU
		{0EAC6972-9BC6-4657-8C4F-1EF42842DA4A}.Release|Any CPU.Build.0 = Release|Any CPU
		{CE46815E-BC62-428A-BA73-D1029C5737B7}.Debug|Any CPU.ActiveCfg = Debug|Any CPU
		{CE46815E-BC62-428A-BA73-D1029C5737B7}.Debug|Any CPU.Build.0 = Debug|Any CPU
		{CE46815E-BC62-428A-BA73-D1029C5737B7}.Release|Any CPU.ActiveCfg = Release|Any CPU
		{CE46815E-BC62-428A-BA73-D1029C5737B7}.Release|Any CPU.Build.0 = Release|Any CPU
		{FF4333E0-A439-4EA6-9DB1-01CEF1979586}.Debug|Any CPU.ActiveCfg = Debug|Any CPU
		{FF4333E0-A439-4EA6-9DB1-01CEF1979586}.Debug|Any CPU.Build.0 = Debug|Any CPU
		{FF4333E0-A439-4EA6-9DB1-01CEF1979586}.Release|Any CPU.ActiveCfg = Release|Any CPU
		{FF4333E0-A439-4EA6-9DB1-01CEF1979586}.Release|Any CPU.Build.0 = Release|Any CPU
		{C627ED60-7AA9-4A3B-B5AC-48B2C77FCE9F}.Debug|Any CPU.ActiveCfg = Debug|Any CPU
		{C627ED60-7AA9-4A3B-B5AC-48B2C77FCE9F}.Debug|Any CPU.Build.0 = Debug|Any CPU
		{C627ED60-7AA9-4A3B-B5AC-48B2C77FCE9F}.Release|Any CPU.ActiveCfg = Release|Any CPU
		{C627ED60-7AA9-4A3B-B5AC-48B2C77FCE9F}.Release|Any CPU.Build.0 = Release|Any CPU
		{D59B2DD6-F298-497E-BE96-BE7F0789FB24}.Debug|Any CPU.ActiveCfg = Debug|Any CPU
		{D59B2DD6-F298-497E-BE96-BE7F0789FB24}.Debug|Any CPU.Build.0 = Debug|Any CPU
		{D59B2DD6-F298-497E-BE96-BE7F0789FB24}.Release|Any CPU.ActiveCfg = Release|Any CPU
		{D59B2DD6-F298-497E-BE96-BE7F0789FB24}.Release|Any CPU.Build.0 = Release|Any CPU
		{A1FA3162-DDED-46BA-9BE4-659E0C87A0A7}.Debug|Any CPU.ActiveCfg = Debug|Any CPU
		{A1FA3162-DDED-46BA-9BE4-659E0C87A0A7}.Debug|Any CPU.Build.0 = Debug|Any CPU
		{A1FA3162-DDED-46BA-9BE4-659E0C87A0A7}.Release|Any CPU.ActiveCfg = Release|Any CPU
		{A1FA3162-DDED-46BA-9BE4-659E0C87A0A7}.Release|Any CPU.Build.0 = Release|Any CPU
	EndGlobalSection
	GlobalSection(SolutionProperties) = preSolution
		HideSolutionNode = FALSE
	EndGlobalSection
EndGlobal
